
Microsoft Visual Studio Solution File, Format Version 12.00
# Visual Studio Version 16
VisualStudioVersion = 16.0.32510.428
MinimumVisualStudioVersion = 10.0.40219.1
Project("{FAE04EC0-301F-11D3-BF4B-00C04F79EFBC}") = "Ecommerce.CartApp", "Ecommerce.CartApp\Ecommerce.CartApp.csproj", "{BB26E32B-245D-4927-BFD7-F13FB4B0D71C}"
EndProject
Project("{FAE04EC0-301F-11D3-BF4B-00C04F79EFBC}") = "Ecommerce.Api", "Ecommerce.Api\Ecommerce.Api.csproj", "{73E51B65-B75B-4728-B6B9-B636B3B536AB}"
EndProject
Project("{FAE04EC0-301F-11D3-BF4B-00C04F79EFBC}") = "Ecommerce.Repository", "Ecommerce.Repository\Ecommerce.Repository.csproj", "{FD2F012E-5A48-45C3-A89C-1761E1652FD2}"
EndProject
Project("{FAE04EC0-301F-11D3-BF4B-00C04F79EFBC}") = "Ecommerce.Entities", "Ecommerce.Entities\Ecommerce.Entities.csproj", "{9AFF7FE5-D5CD-4AEE-B1E3-C7649BD58FF7}"
EndProject
Project("{FAE04EC0-301F-11D3-BF4B-00C04F79EFBC}") = "Ecommerce.Business", "Ecommerce.Business\Ecommerce.Business.csproj", "{E9DAE530-70A1-4EF5-B0FE-F6B7D11949C9}"
EndProject
Project("{FAE04EC0-301F-11D3-BF4B-00C04F79EFBC}") = "Ecommerce.Business.UnitTests", "Ecommerce.Business.UnitTests\Ecommerce.Business.UnitTests.csproj", "{8555B408-AFDC-4588-9617-BA382A2D6FDF}"
EndProject
Global
	GlobalSection(SolutionConfigurationPlatforms) = preSolution
		Debug|Any CPU = Debug|Any CPU
		Release|Any CPU = Release|Any CPU
	EndGlobalSection
	GlobalSection(ProjectConfigurationPlatforms) = postSolution
		{BB26E32B-245D-4927-BFD7-F13FB4B0D71C}.Debug|Any CPU.ActiveCfg = Debug|Any CPU
		{BB26E32B-245D-4927-BFD7-F13FB4B0D71C}.Debug|Any CPU.Build.0 = Debug|Any CPU
		{BB26E32B-245D-4927-BFD7-F13FB4B0D71C}.Release|Any CPU.ActiveCfg = Release|Any CPU
		{BB26E32B-245D-4927-BFD7-F13FB4B0D71C}.Release|Any CPU.Build.0 = Release|Any CPU
		{73E51B65-B75B-4728-B6B9-B636B3B536AB}.Debug|Any CPU.ActiveCfg = Debug|Any CPU
		{73E51B65-B75B-4728-B6B9-B636B3B536AB}.Debug|Any CPU.Build.0 = Debug|Any CPU
		{73E51B65-B75B-4728-B6B9-B636B3B536AB}.Release|Any CPU.ActiveCfg = Release|Any CPU
		{73E51B65-B75B-4728-B6B9-B636B3B536AB}.Release|Any CPU.Build.0 = Release|Any CPU
		{FD2F012E-5A48-45C3-A89C-1761E1652FD2}.Debug|Any CPU.ActiveCfg = Debug|Any CPU
		{FD2F012E-5A48-45C3-A89C-1761E1652FD2}.Debug|Any CPU.Build.0 = Debug|Any CPU
		{FD2F012E-5A48-45C3-A89C-1761E1652FD2}.Release|Any CPU.ActiveCfg = Release|Any CPU
		{FD2F012E-5A48-45C3-A89C-1761E1652FD2}.Release|Any CPU.Build.0 = Release|Any CPU
		{9AFF7FE5-D5CD-4AEE-B1E3-C7649BD58FF7}.Debug|Any CPU.ActiveCfg = Debug|Any CPU
		{9AFF7FE5-D5CD-4AEE-B1E3-C7649BD58FF7}.Debug|Any CPU.Build.0 = Debug|Any CPU
		{9AFF7FE5-D5CD-4AEE-B1E3-C7649BD58FF7}.Release|Any CPU.ActiveCfg = Release|Any CPU
		{9AFF7FE5-D5CD-4AEE-B1E3-C7649BD58FF7}.Release|Any CPU.Build.0 = Release|Any CPU
		{E9DAE530-70A1-4EF5-B0FE-F6B7D11949C9}.Debug|Any CPU.ActiveCfg = Debug|Any CPU
		{E9DAE530-70A1-4EF5-B0FE-F6B7D11949C9}.Debug|Any CPU.Build.0 = Debug|Any CPU
		{E9DAE530-70A1-4EF5-B0FE-F6B7D11949C9}.Release|Any CPU.ActiveCfg = Release|Any CPU
		{E9DAE530-70A1-4EF5-B0FE-F6B7D11949C9}.Release|Any CPU.Build.0 = Release|Any CPU
		{8555B408-AFDC-4588-9617-BA382A2D6FDF}.Debug|Any CPU.ActiveCfg = Debug|Any CPU
		{8555B408-AFDC-4588-9617-BA382A2D6FDF}.Debug|Any CPU.Build.0 = Debug|Any CPU
		{8555B408-AFDC-4588-9617-BA382A2D6FDF}.Release|Any CPU.ActiveCfg = Release|Any CPU
		{8555B408-AFDC-4588-9617-BA382A2D6FDF}.Release|Any CPU.Build.0 = Release|Any CPU
	EndGlobalSection
	GlobalSection(SolutionProperties) = preSolution
		HideSolutionNode = FALSE
	EndGlobalSection
	GlobalSection(ExtensibilityGlobals) = postSolution
		SolutionGuid = {46F3E56A-8ED0-43D8-A388-4D152B45AB95}
	EndGlobalSection
EndGlobal
